
Microsoft Visual Studio Solution File, Format Version 12.00
# Visual Studio Version 17
VisualStudioVersion = 17.3.32922.545
MinimumVisualStudioVersion = 10.0.40219.1
Project("{FAE04EC0-301F-11D3-BF4B-00C04F79EFBC}") = "popryzenock", "popryzenock\popryzenock.csproj", "{FCD0F6DA-65BD-4117-BE6A-9A7EF30AD1E5}"
EndProject
Global
	GlobalSection(SolutionConfigurationPlatforms) = preSolution
		Debug|Any CPU = Debug|Any CPU
		Release|Any CPU = Release|Any CPU
	EndGlobalSection
	GlobalSection(ProjectConfigurationPlatforms) = postSolution
		{FCD0F6DA-65BD-4117-BE6A-9A7EF30AD1E5}.Debug|Any CPU.ActiveCfg = Debug|Any CPU
		{FCD0F6DA-65BD-4117-BE6A-9A7EF30AD1E5}.Debug|Any CPU.Build.0 = Debug|Any CPU
		{FCD0F6DA-65BD-4117-BE6A-9A7EF30AD1E5}.Release|Any CPU.ActiveCfg = Release|Any CPU
		{FCD0F6DA-65BD-4117-BE6A-9A7EF30AD1E5}.Release|Any CPU.Build.0 = Release|Any CPU
	EndGlobalSection
	GlobalSection(SolutionProperties) = preSolution
		HideSolutionNode = FALSE
	EndGlobalSection
	GlobalSection(ExtensibilityGlobals) = postSolution
		SolutionGuid = {3332D2CB-78C7-476C-9C79-D8040C910B22}
	EndGlobalSection
EndGlobal
